
Microsoft Visual Studio Solution File, Format Version 12.00
# Visual Studio Version 17
VisualStudioVersion = 17.14.36414.22 d17.14
MinimumVisualStudioVersion = 10.0.40219.1
Project("{FAE04EC0-301F-11D3-BF4B-00C04F79EFBC}") = "AI_generated_slob", "AI_generated_slob\AI_generated_slob.csproj", "{45D34B7B-367D-4D82-8568-9337175C1347}"
EndProject
Global
	GlobalSection(SolutionConfigurationPlatforms) = preSolution
		Debug|Any CPU = Debug|Any CPU
		Release|Any CPU = Release|Any CPU
	EndGlobalSection
	GlobalSection(ProjectConfigurationPlatforms) = postSolution
		{45D34B7B-367D-4D82-8568-9337175C1347}.Debug|Any CPU.ActiveCfg = Debug|Any CPU
		{45D34B7B-367D-4D82-8568-9337175C1347}.Debug|Any CPU.Build.0 = Debug|Any CPU
		{45D34B7B-367D-4D82-8568-9337175C1347}.Release|Any CPU.ActiveCfg = Release|Any CPU
		{45D34B7B-367D-4D82-8568-9337175C1347}.Release|Any CPU.Build.0 = Release|Any CPU
	EndGlobalSection
	GlobalSection(SolutionProperties) = preSolution
		HideSolutionNode = FALSE
	EndGlobalSection
	GlobalSection(ExtensibilityGlobals) = postSolution
		SolutionGuid = {1C9CD644-D8DB-4C28-80DD-AD5E86BD5019}
	EndGlobalSection
EndGlobal
